
Microsoft Visual Studio Solution File, Format Version 12.00
# Visual Studio Version 17
VisualStudioVersion = 17.8.34525.116
MinimumVisualStudioVersion = 10.0.40219.1
Project("{FAE04EC0-301F-11D3-BF4B-00C04F79EFBC}") = "Prescient", "Prescient\Prescient.csproj", "{1BD07A02-525B-41C9-945B-AB3C0317C80F}"
EndProject
Global
	GlobalSection(SolutionConfigurationPlatforms) = preSolution
		Debug|Any CPU = Debug|Any CPU
		Release|Any CPU = Release|Any CPU
	EndGlobalSection
	GlobalSection(ProjectConfigurationPlatforms) = postSolution
		{1BD07A02-525B-41C9-945B-AB3C0317C80F}.Debug|Any CPU.ActiveCfg = Debug|Any CPU
		{1BD07A02-525B-41C9-945B-AB3C0317C80F}.Debug|Any CPU.Build.0 = Debug|Any CPU
		{1BD07A02-525B-41C9-945B-AB3C0317C80F}.Release|Any CPU.ActiveCfg = Release|Any CPU
		{1BD07A02-525B-41C9-945B-AB3C0317C80F}.Release|Any CPU.Build.0 = Release|Any CPU
	EndGlobalSection
	GlobalSection(SolutionProperties) = preSolution
		HideSolutionNode = FALSE
	EndGlobalSection
	GlobalSection(ExtensibilityGlobals) = postSolution
		SolutionGuid = {5F60B407-F0B5-43BB-A7C8-524BB9F12589}
	EndGlobalSection
EndGlobal
